
Microsoft Visual Studio Solution File, Format Version 12.00
# Visual Studio Version 16
VisualStudioVersion = 16.0.29215.179
MinimumVisualStudioVersion = 10.0.40219.1
Project("{FAE04EC0-301F-11D3-BF4B-00C04F79EFBC}") = "FileIOArray", "FileIOArray\FileIOArray.csproj", "{882A10FA-4DF8-4F43-934C-4065F3AB60CD}"
EndProject
Global
	GlobalSection(SolutionConfigurationPlatforms) = preSolution
		Debug|Any CPU = Debug|Any CPU
		Release|Any CPU = Release|Any CPU
	EndGlobalSection
	GlobalSection(ProjectConfigurationPlatforms) = postSolution
		{882A10FA-4DF8-4F43-934C-4065F3AB60CD}.Debug|Any CPU.ActiveCfg = Debug|Any CPU
		{882A10FA-4DF8-4F43-934C-4065F3AB60CD}.Debug|Any CPU.Build.0 = Debug|Any CPU
		{882A10FA-4DF8-4F43-934C-4065F3AB60CD}.Release|Any CPU.ActiveCfg = Release|Any CPU
		{882A10FA-4DF8-4F43-934C-4065F3AB60CD}.Release|Any CPU.Build.0 = Release|Any CPU
	EndGlobalSection
	GlobalSection(SolutionProperties) = preSolution
		HideSolutionNode = FALSE
	EndGlobalSection
	GlobalSection(ExtensibilityGlobals) = postSolution
		SolutionGuid = {6BB77048-1656-48EA-BB79-89EC77E09620}
	EndGlobalSection
EndGlobal
